
Microsoft Visual Studio Solution File, Format Version 11.00
# Visual C# Express 2010
Project("{FAE04EC0-301F-11D3-BF4B-00C04F79EFBC}") = "ScreenColorAmbiance", "ScreenColorAmbiance\ScreenColorAmbiance.csproj", "{0DEDD4CC-4DF6-4619-B7EA-3203712E7E27}"
EndProject
Global
	GlobalSection(SolutionConfigurationPlatforms) = preSolution
		Debug|x86 = Debug|x86
		Release|x86 = Release|x86
	EndGlobalSection
	GlobalSection(ProjectConfigurationPlatforms) = postSolution
		{0DEDD4CC-4DF6-4619-B7EA-3203712E7E27}.Debug|x86.ActiveCfg = Debug|x86
		{0DEDD4CC-4DF6-4619-B7EA-3203712E7E27}.Debug|x86.Build.0 = Debug|x86
		{0DEDD4CC-4DF6-4619-B7EA-3203712E7E27}.Release|x86.ActiveCfg = Release|x86
		{0DEDD4CC-4DF6-4619-B7EA-3203712E7E27}.Release|x86.Build.0 = Release|x86
	EndGlobalSection
	GlobalSection(SolutionProperties) = preSolution
		HideSolutionNode = FALSE
	EndGlobalSection
EndGlobal
