
Microsoft Visual Studio Solution File, Format Version 9.00
# Visual C# Express 2005
Project("{FAE04EC0-301F-11D3-BF4B-00C04F79EFBC}") = "HomeNetworkRemoteControl", "HomeNetworkRemoteControl\HomeNetworkRemoteControl.csproj", "{C06387B4-83BA-481C-9C2B-1C8331CDE85F}"
EndProject
Project("{FAE04EC0-301F-11D3-BF4B-00C04F79EFBC}") = "HNRC.Remoting.Common", "HNRC.Remoting.Common\HNRC.Remoting.Common.csproj", "{B3FB30B4-82A3-4AAB-95BF-7369A5E2B46C}"
EndProject
Project("{FAE04EC0-301F-11D3-BF4B-00C04F79EFBC}") = "HNRC.Remoting.Impl", "HNRC.Remoting.Impl\HNRC.Remoting.Impl.csproj", "{CF88A061-C228-4B36-8599-621F50547DF4}"
EndProject
Project("{FAE04EC0-301F-11D3-BF4B-00C04F79EFBC}") = "HNRC.Server", "HNRC.Server\HNRC.Server.csproj", "{C49B2DA9-DC64-44B8-AFBB-C54B0CAF0AB1}"
EndProject
Global
	GlobalSection(SolutionConfigurationPlatforms) = preSolution
		Debug|Any CPU = Debug|Any CPU
		Release|Any CPU = Release|Any CPU
	EndGlobalSection
	GlobalSection(ProjectConfigurationPlatforms) = postSolution
		{C06387B4-83BA-481C-9C2B-1C8331CDE85F}.Debug|Any CPU.ActiveCfg = Debug|Any CPU
		{C06387B4-83BA-481C-9C2B-1C8331CDE85F}.Debug|Any CPU.Build.0 = Debug|Any CPU
		{C06387B4-83BA-481C-9C2B-1C8331CDE85F}.Release|Any CPU.ActiveCfg = Release|Any CPU
		{C06387B4-83BA-481C-9C2B-1C8331CDE85F}.Release|Any CPU.Build.0 = Release|Any CPU
		{B3FB30B4-82A3-4AAB-95BF-7369A5E2B46C}.Debug|Any CPU.ActiveCfg = Debug|Any CPU
		{B3FB30B4-82A3-4AAB-95BF-7369A5E2B46C}.Debug|Any CPU.Build.0 = Debug|Any CPU
		{B3FB30B4-82A3-4AAB-95BF-7369A5E2B46C}.Release|Any CPU.ActiveCfg = Release|Any CPU
		{B3FB30B4-82A3-4AAB-95BF-7369A5E2B46C}.Release|Any CPU.Build.0 = Release|Any CPU
		{CF88A061-C228-4B36-8599-621F50547DF4}.Debug|Any CPU.ActiveCfg = Debug|Any CPU
		{CF88A061-C228-4B36-8599-621F50547DF4}.Debug|Any CPU.Build.0 = Debug|Any CPU
		{CF88A061-C228-4B36-8599-621F50547DF4}.Release|Any CPU.ActiveCfg = Release|Any CPU
		{CF88A061-C228-4B36-8599-621F50547DF4}.Release|Any CPU.Build.0 = Release|Any CPU
		{C49B2DA9-DC64-44B8-AFBB-C54B0CAF0AB1}.Debug|Any CPU.ActiveCfg = Debug|Any CPU
		{C49B2DA9-DC64-44B8-AFBB-C54B0CAF0AB1}.Debug|Any CPU.Build.0 = Debug|Any CPU
		{C49B2DA9-DC64-44B8-AFBB-C54B0CAF0AB1}.Release|Any CPU.ActiveCfg = Release|Any CPU
		{C49B2DA9-DC64-44B8-AFBB-C54B0CAF0AB1}.Release|Any CPU.Build.0 = Release|Any CPU
	EndGlobalSection
	GlobalSection(SolutionProperties) = preSolution
		HideSolutionNode = FALSE
	EndGlobalSection
EndGlobal
