
Microsoft Visual Studio Solution File, Format Version 11.00
# Visual C# Express 2010
Project("{FAE04EC0-301F-11D3-BF4B-00C04F79EFBC}") = "ARCPO_Test", "ARCPO_Test\ARCPO_Test.csproj", "{BC5A58EA-2336-47BC-9EA2-35580DCF40BE}"
EndProject
Project("{FAE04EC0-301F-11D3-BF4B-00C04F79EFBC}") = "ARCPO", "ARCPO\ARCPO.csproj", "{DBBD0B54-86CA-4DC9-8AFB-4AD5996710B0}"
EndProject
Project("{FAE04EC0-301F-11D3-BF4B-00C04F79EFBC}") = "Arduino_ReadSerial", "Arduino_ReadSerial\Arduino_ReadSerial.csproj", "{DF8CBED9-7644-4DCF-9754-60DDC8FD12D5}"
EndProject
Project("{FAE04EC0-301F-11D3-BF4B-00C04F79EFBC}") = "ardTouchConnector", "ardTouchConnector\ardTouchConnector.csproj", "{8F92A36E-6CEC-44AE-839F-1F8ED069C7F4}"
EndProject
Project("{FAE04EC0-301F-11D3-BF4B-00C04F79EFBC}") = "ARD_AnalogView", "ARD_AnalogView\ARD_AnalogView.csproj", "{D3FDCA17-A877-4B03-B568-5E4D2CB1BDB2}"
EndProject
Project("{FAE04EC0-301F-11D3-BF4B-00C04F79EFBC}") = "ardPulsarController", "ardPulsarController\ardPulsarController.csproj", "{7A0D2D5A-5A77-4354-B00A-3DFAF4CA2003}"
EndProject
Project("{FAE04EC0-301F-11D3-BF4B-00C04F79EFBC}") = "AvrStudioFlasher", "AvrStudioFlasher\AvrStudioFlasher.csproj", "{C2DFB691-CF3A-45B1-AB38-A76E05787267}"
EndProject
Global
	GlobalSection(SolutionConfigurationPlatforms) = preSolution
		Debug|Any CPU = Debug|Any CPU
		Debug|Mixed Platforms = Debug|Mixed Platforms
		Debug|x86 = Debug|x86
		Release|Any CPU = Release|Any CPU
		Release|Mixed Platforms = Release|Mixed Platforms
		Release|x86 = Release|x86
	EndGlobalSection
	GlobalSection(ProjectConfigurationPlatforms) = postSolution
		{BC5A58EA-2336-47BC-9EA2-35580DCF40BE}.Debug|Any CPU.ActiveCfg = Debug|Any CPU
		{BC5A58EA-2336-47BC-9EA2-35580DCF40BE}.Debug|Any CPU.Build.0 = Debug|Any CPU
		{BC5A58EA-2336-47BC-9EA2-35580DCF40BE}.Debug|Mixed Platforms.ActiveCfg = Debug|Any CPU
		{BC5A58EA-2336-47BC-9EA2-35580DCF40BE}.Debug|Mixed Platforms.Build.0 = Debug|Any CPU
		{BC5A58EA-2336-47BC-9EA2-35580DCF40BE}.Debug|x86.ActiveCfg = Debug|Any CPU
		{BC5A58EA-2336-47BC-9EA2-35580DCF40BE}.Release|Any CPU.ActiveCfg = Release|Any CPU
		{BC5A58EA-2336-47BC-9EA2-35580DCF40BE}.Release|Any CPU.Build.0 = Release|Any CPU
		{BC5A58EA-2336-47BC-9EA2-35580DCF40BE}.Release|Mixed Platforms.ActiveCfg = Release|Any CPU
		{BC5A58EA-2336-47BC-9EA2-35580DCF40BE}.Release|Mixed Platforms.Build.0 = Release|Any CPU
		{BC5A58EA-2336-47BC-9EA2-35580DCF40BE}.Release|x86.ActiveCfg = Release|Any CPU
		{DBBD0B54-86CA-4DC9-8AFB-4AD5996710B0}.Debug|Any CPU.ActiveCfg = Debug|Any CPU
		{DBBD0B54-86CA-4DC9-8AFB-4AD5996710B0}.Debug|Any CPU.Build.0 = Debug|Any CPU
		{DBBD0B54-86CA-4DC9-8AFB-4AD5996710B0}.Debug|Mixed Platforms.ActiveCfg = Debug|Any CPU
		{DBBD0B54-86CA-4DC9-8AFB-4AD5996710B0}.Debug|Mixed Platforms.Build.0 = Debug|Any CPU
		{DBBD0B54-86CA-4DC9-8AFB-4AD5996710B0}.Debug|x86.ActiveCfg = Debug|Any CPU
		{DBBD0B54-86CA-4DC9-8AFB-4AD5996710B0}.Release|Any CPU.ActiveCfg = Release|Any CPU
		{DBBD0B54-86CA-4DC9-8AFB-4AD5996710B0}.Release|Any CPU.Build.0 = Release|Any CPU
		{DBBD0B54-86CA-4DC9-8AFB-4AD5996710B0}.Release|Mixed Platforms.ActiveCfg = Release|Any CPU
		{DBBD0B54-86CA-4DC9-8AFB-4AD5996710B0}.Release|Mixed Platforms.Build.0 = Release|Any CPU
		{DBBD0B54-86CA-4DC9-8AFB-4AD5996710B0}.Release|x86.ActiveCfg = Release|Any CPU
		{DF8CBED9-7644-4DCF-9754-60DDC8FD12D5}.Debug|Any CPU.ActiveCfg = Debug|Any CPU
		{DF8CBED9-7644-4DCF-9754-60DDC8FD12D5}.Debug|Any CPU.Build.0 = Debug|Any CPU
		{DF8CBED9-7644-4DCF-9754-60DDC8FD12D5}.Debug|Mixed Platforms.ActiveCfg = Debug|Any CPU
		{DF8CBED9-7644-4DCF-9754-60DDC8FD12D5}.Debug|Mixed Platforms.Build.0 = Debug|Any CPU
		{DF8CBED9-7644-4DCF-9754-60DDC8FD12D5}.Debug|x86.ActiveCfg = Debug|Any CPU
		{DF8CBED9-7644-4DCF-9754-60DDC8FD12D5}.Release|Any CPU.ActiveCfg = Release|Any CPU
		{DF8CBED9-7644-4DCF-9754-60DDC8FD12D5}.Release|Any CPU.Build.0 = Release|Any CPU
		{DF8CBED9-7644-4DCF-9754-60DDC8FD12D5}.Release|Mixed Platforms.ActiveCfg = Release|Any CPU
		{DF8CBED9-7644-4DCF-9754-60DDC8FD12D5}.Release|Mixed Platforms.Build.0 = Release|Any CPU
		{DF8CBED9-7644-4DCF-9754-60DDC8FD12D5}.Release|x86.ActiveCfg = Release|Any CPU
		{8F92A36E-6CEC-44AE-839F-1F8ED069C7F4}.Debug|Any CPU.ActiveCfg = Debug|Any CPU
		{8F92A36E-6CEC-44AE-839F-1F8ED069C7F4}.Debug|Any CPU.Build.0 = Debug|Any CPU
		{8F92A36E-6CEC-44AE-839F-1F8ED069C7F4}.Debug|Mixed Platforms.ActiveCfg = Debug|Any CPU
		{8F92A36E-6CEC-44AE-839F-1F8ED069C7F4}.Debug|Mixed Platforms.Build.0 = Debug|Any CPU
		{8F92A36E-6CEC-44AE-839F-1F8ED069C7F4}.Debug|x86.ActiveCfg = Debug|Any CPU
		{8F92A36E-6CEC-44AE-839F-1F8ED069C7F4}.Release|Any CPU.ActiveCfg = Release|Any CPU
		{8F92A36E-6CEC-44AE-839F-1F8ED069C7F4}.Release|Any CPU.Build.0 = Release|Any CPU
		{8F92A36E-6CEC-44AE-839F-1F8ED069C7F4}.Release|Mixed Platforms.ActiveCfg = Release|Any CPU
		{8F92A36E-6CEC-44AE-839F-1F8ED069C7F4}.Release|Mixed Platforms.Build.0 = Release|Any CPU
		{8F92A36E-6CEC-44AE-839F-1F8ED069C7F4}.Release|x86.ActiveCfg = Release|Any CPU
		{D3FDCA17-A877-4B03-B568-5E4D2CB1BDB2}.Debug|Any CPU.ActiveCfg = Debug|Any CPU
		{D3FDCA17-A877-4B03-B568-5E4D2CB1BDB2}.Debug|Any CPU.Build.0 = Debug|Any CPU
		{D3FDCA17-A877-4B03-B568-5E4D2CB1BDB2}.Debug|Mixed Platforms.ActiveCfg = Debug|Any CPU
		{D3FDCA17-A877-4B03-B568-5E4D2CB1BDB2}.Debug|Mixed Platforms.Build.0 = Debug|Any CPU
		{D3FDCA17-A877-4B03-B568-5E4D2CB1BDB2}.Debug|x86.ActiveCfg = Debug|Any CPU
		{D3FDCA17-A877-4B03-B568-5E4D2CB1BDB2}.Release|Any CPU.ActiveCfg = Release|Any CPU
		{D3FDCA17-A877-4B03-B568-5E4D2CB1BDB2}.Release|Any CPU.Build.0 = Release|Any CPU
		{D3FDCA17-A877-4B03-B568-5E4D2CB1BDB2}.Release|Mixed Platforms.ActiveCfg = Release|Any CPU
		{D3FDCA17-A877-4B03-B568-5E4D2CB1BDB2}.Release|Mixed Platforms.Build.0 = Release|Any CPU
		{D3FDCA17-A877-4B03-B568-5E4D2CB1BDB2}.Release|x86.ActiveCfg = Release|Any CPU
		{7A0D2D5A-5A77-4354-B00A-3DFAF4CA2003}.Debug|Any CPU.ActiveCfg = Debug|x86
		{7A0D2D5A-5A77-4354-B00A-3DFAF4CA2003}.Debug|Mixed Platforms.ActiveCfg = Debug|x86
		{7A0D2D5A-5A77-4354-B00A-3DFAF4CA2003}.Debug|Mixed Platforms.Build.0 = Debug|x86
		{7A0D2D5A-5A77-4354-B00A-3DFAF4CA2003}.Debug|x86.ActiveCfg = Debug|x86
		{7A0D2D5A-5A77-4354-B00A-3DFAF4CA2003}.Debug|x86.Build.0 = Debug|x86
		{7A0D2D5A-5A77-4354-B00A-3DFAF4CA2003}.Release|Any CPU.ActiveCfg = Release|x86
		{7A0D2D5A-5A77-4354-B00A-3DFAF4CA2003}.Release|Mixed Platforms.ActiveCfg = Release|x86
		{7A0D2D5A-5A77-4354-B00A-3DFAF4CA2003}.Release|Mixed Platforms.Build.0 = Release|x86
		{7A0D2D5A-5A77-4354-B00A-3DFAF4CA2003}.Release|x86.ActiveCfg = Release|x86
		{7A0D2D5A-5A77-4354-B00A-3DFAF4CA2003}.Release|x86.Build.0 = Release|x86
		{C2DFB691-CF3A-45B1-AB38-A76E05787267}.Debug|Any CPU.ActiveCfg = Debug|x86
		{C2DFB691-CF3A-45B1-AB38-A76E05787267}.Debug|Mixed Platforms.ActiveCfg = Debug|x86
		{C2DFB691-CF3A-45B1-AB38-A76E05787267}.Debug|Mixed Platforms.Build.0 = Debug|x86
		{C2DFB691-CF3A-45B1-AB38-A76E05787267}.Debug|x86.ActiveCfg = Debug|x86
		{C2DFB691-CF3A-45B1-AB38-A76E05787267}.Debug|x86.Build.0 = Debug|x86
		{C2DFB691-CF3A-45B1-AB38-A76E05787267}.Release|Any CPU.ActiveCfg = Release|x86
		{C2DFB691-CF3A-45B1-AB38-A76E05787267}.Release|Mixed Platforms.ActiveCfg = Release|x86
		{C2DFB691-CF3A-45B1-AB38-A76E05787267}.Release|Mixed Platforms.Build.0 = Release|x86
		{C2DFB691-CF3A-45B1-AB38-A76E05787267}.Release|x86.ActiveCfg = Release|x86
		{C2DFB691-CF3A-45B1-AB38-A76E05787267}.Release|x86.Build.0 = Release|x86
	EndGlobalSection
	GlobalSection(SolutionProperties) = preSolution
		HideSolutionNode = FALSE
	EndGlobalSection
EndGlobal
